// !$*UTF8*$!
{
	archiveVersion = 1;
	classes = {
	};
	objectVersion = 56;
	objects = {

/* Begin PBXBuildFile section */
		930502BC2BEC4FB500256FEC /* Body And Attitude - DJ Freedem.mp3 in Resources */ = {isa = PBXBuildFile; fileRef = 930502B22BEC4FB500256FEC /* Body And Attitude - DJ Freedem.mp3 */; };
		930502BD2BEC4FB500256FEC /* A Simple Feeling - Alge.mp3 in Resources */ = {isa = PBXBuildFile; fileRef = 930502B42BEC4FB500256FEC /* A Simple Feeling - Alge.mp3 */; };
		930502BE2BEC4FB500256FEC /* Illusions - Anno Domini Beats.mp3 in Resources */ = {isa = PBXBuildFile; fileRef = 930502B52BEC4FB500256FEC /* Illusions - Anno Domini Beats.mp3 */; };
		930502BF2BEC4FB500256FEC /* Shadows - Anno Domini Beats.mp3 in Resources */ = {isa = PBXBuildFile; fileRef = 930502B62BEC4FB500256FEC /* Shadows - Anno Domini Beats.mp3 */; };
		930502C02BEC4FB500256FEC /* Feeling's Not Mutual - Single Friend.mp3 in Resources */ = {isa = PBXBuildFile; fileRef = 930502B82BEC4FB500256FEC /* Feeling's Not Mutual - Single Friend.mp3 */; };
		930502C12BEC4FB500256FEC /* Kalimba - Cxdy.mp3 in Resources */ = {isa = PBXBuildFile; fileRef = 930502B92BEC4FB500256FEC /* Kalimba - Cxdy.mp3 */; };
		9356AA9E2C15D549007FF5EE /* Localizable.strings in Resources */ = {isa = PBXBuildFile; fileRef = 9356AA9C2C15D549007FF5EE /* Localizable.strings */; };
		9356AAA12C15D638007FF5EE /* String+extension.swift in Sources */ = {isa = PBXBuildFile; fileRef = 9356AAA02C15D638007FF5EE /* String+extension.swift */; };
		9356AAA42C15D7C3007FF5EE /* Localizable.stringsdict in Resources */ = {isa = PBXBuildFile; fileRef = 9356AAA22C15D7C3007FF5EE /* Localizable.stringsdict */; };
		9390492C2C380CF300A400E7 /* AlbumTableViewCell.swift in Sources */ = {isa = PBXBuildFile; fileRef = 9390492B2C380CF300A400E7 /* AlbumTableViewCell.swift */; };
		9390492E2C380D2200A400E7 /* Album.swift in Sources */ = {isa = PBXBuildFile; fileRef = 9390492D2C380D2200A400E7 /* Album.swift */; };
		93D72BBF2BEE515200C40BED /* Song.swift in Sources */ = {isa = PBXBuildFile; fileRef = 93D72BBE2BEE515200C40BED /* Song.swift */; };
		93DE65752BEF96C500C3AB59 /* MediaPlayer.swift in Sources */ = {isa = PBXBuildFile; fileRef = 93DE65742BEF96C500C3AB59 /* MediaPlayer.swift */; };
		93EDCFF02BEBE06500D25E91 /* AppDelegate.swift in Sources */ = {isa = PBXBuildFile; fileRef = 93EDCFEF2BEBE06500D25E91 /* AppDelegate.swift */; };
		93EDCFF22BEBE06500D25E91 /* SceneDelegate.swift in Sources */ = {isa = PBXBuildFile; fileRef = 93EDCFF12BEBE06500D25E91 /* SceneDelegate.swift */; };
		93EDCFF42BEBE06500D25E91 /* ViewController.swift in Sources */ = {isa = PBXBuildFile; fileRef = 93EDCFF32BEBE06500D25E91 /* ViewController.swift */; };
		93EDCFF92BEBE06600D25E91 /* Assets.xcassets in Resources */ = {isa = PBXBuildFile; fileRef = 93EDCFF82BEBE06600D25E91 /* Assets.xcassets */; };
		93EDCFFC2BEBE06600D25E91 /* Base in Resources */ = {isa = PBXBuildFile; fileRef = 93EDCFFB2BEBE06600D25E91 /* Base */; };
		93EF2B472BF11EE200E16A17 /* OFL.txt in Resources */ = {isa = PBXBuildFile; fileRef = 93EF2B392BF11EE200E16A17 /* OFL.txt */; };
		93EF2B482BF11EE200E16A17 /* README.txt in Resources */ = {isa = PBXBuildFile; fileRef = 93EF2B3A2BF11EE200E16A17 /* README.txt */; };
		93EF2B492BF11EE200E16A17 /* MuseoModerno-Black.ttf in Resources */ = {isa = PBXBuildFile; fileRef = 93EF2B3C2BF11EE200E16A17 /* MuseoModerno-Black.ttf */; };
		93EF2B4A2BF11EE200E16A17 /* MuseoModerno-Bold.ttf in Resources */ = {isa = PBXBuildFile; fileRef = 93EF2B3D2BF11EE200E16A17 /* MuseoModerno-Bold.ttf */; };
		93EF2B4B2BF11EE200E16A17 /* MuseoModerno-ExtraBold.ttf in Resources */ = {isa = PBXBuildFile; fileRef = 93EF2B3E2BF11EE200E16A17 /* MuseoModerno-ExtraBold.ttf */; };
		93EF2B4C2BF11EE200E16A17 /* MuseoModerno-ExtraLight.ttf in Resources */ = {isa = PBXBuildFile; fileRef = 93EF2B3F2BF11EE200E16A17 /* MuseoModerno-ExtraLight.ttf */; };
		93EF2B4D2BF11EE200E16A17 /* MuseoModerno-Light.ttf in Resources */ = {isa = PBXBuildFile; fileRef = 93EF2B402BF11EE200E16A17 /* MuseoModerno-Light.ttf */; };
		93EF2B4E2BF11EE200E16A17 /* MuseoModerno-Medium.ttf in Resources */ = {isa = PBXBuildFile; fileRef = 93EF2B412BF11EE200E16A17 /* MuseoModerno-Medium.ttf */; };
		93EF2B4F2BF11EE200E16A17 /* MuseoModerno-Regular.ttf in Resources */ = {isa = PBXBuildFile; fileRef = 93EF2B422BF11EE200E16A17 /* MuseoModerno-Regular.ttf */; };
		93EF2B502BF11EE200E16A17 /* MuseoModerno-SemiBold.ttf in Resources */ = {isa = PBXBuildFile; fileRef = 93EF2B432BF11EE200E16A17 /* MuseoModerno-SemiBold.ttf */; };
		93EF2B512BF11EE200E16A17 /* MuseoModerno-Thin.ttf in Resources */ = {isa = PBXBuildFile; fileRef = 93EF2B442BF11EE200E16A17 /* MuseoModerno-Thin.ttf */; };
		93EF2B522BF11EE200E16A17 /* MuseoModerno.ttf in Resources */ = {isa = PBXBuildFile; fileRef = 93EF2B452BF11EE200E16A17 /* MuseoModerno.ttf */; };
		93EF2B542BF11FA100E16A17 /* MusicPlayerViewController.swift in Sources */ = {isa = PBXBuildFile; fileRef = 93EF2B532BF11FA100E16A17 /* MusicPlayerViewController.swift */; };
/* End PBXBuildFile section */

/* Begin PBXFileReference section */
		930502B22BEC4FB500256FEC /* Body And Attitude - DJ Freedem.mp3 */ = {isa = PBXFileReference; lastKnownFileType = audio.mp3; path = "Body And Attitude - DJ Freedem.mp3"; sourceTree = "<group>"; };
		930502B42BEC4FB500256FEC /* A Simple Feeling - Alge.mp3 */ = {isa = PBXFileReference; lastKnownFileType = audio.mp3; path = "A Simple Feeling - Alge.mp3"; sourceTree = "<group>"; };
		930502B52BEC4FB500256FEC /* Illusions - Anno Domini Beats.mp3 */ = {isa = PBXFileReference; lastKnownFileType = audio.mp3; path = "Illusions - Anno Domini Beats.mp3"; sourceTree = "<group>"; };
		930502B62BEC4FB500256FEC /* Shadows - Anno Domini Beats.mp3 */ = {isa = PBXFileReference; lastKnownFileType = audio.mp3; path = "Shadows - Anno Domini Beats.mp3"; sourceTree = "<group>"; };
		930502B82BEC4FB500256FEC /* Feeling's Not Mutual - Single Friend.mp3 */ = {isa = PBXFileReference; lastKnownFileType = audio.mp3; path = "Feeling's Not Mutual - Single Friend.mp3"; sourceTree = "<group>"; };
		930502B92BEC4FB500256FEC /* Kalimba - Cxdy.mp3 */ = {isa = PBXFileReference; lastKnownFileType = audio.mp3; path = "Kalimba - Cxdy.mp3"; sourceTree = "<group>"; };
		9356AA9D2C15D549007FF5EE /* en */ = {isa = PBXFileReference; lastKnownFileType = text.plist.strings; name = en; path = en.lproj/Localizable.strings; sourceTree = "<group>"; };
		9356AA9F2C15D56F007FF5EE /* ru */ = {isa = PBXFileReference; lastKnownFileType = text.plist.strings; name = ru; path = ru.lproj/Localizable.strings; sourceTree = "<group>"; };
		9356AAA02C15D638007FF5EE /* String+extension.swift */ = {isa = PBXFileReference; lastKnownFileType = sourcecode.swift; path = "String+extension.swift"; sourceTree = "<group>"; };
		9356AAA32C15D7C3007FF5EE /* en */ = {isa = PBXFileReference; lastKnownFileType = text.plist.stringsdict; name = en; path = en.lproj/Localizable.stringsdict; sourceTree = "<group>"; };
		9356AAA52C15D7FC007FF5EE /* ru */ = {isa = PBXFileReference; lastKnownFileType = text.plist.stringsdict; name = ru; path = ru.lproj/Localizable.stringsdict; sourceTree = "<group>"; };
		9390492B2C380CF300A400E7 /* AlbumTableViewCell.swift */ = {isa = PBXFileReference; lastKnownFileType = sourcecode.swift; path = AlbumTableViewCell.swift; sourceTree = "<group>"; };
		9390492D2C380D2200A400E7 /* Album.swift */ = {isa = PBXFileReference; lastKnownFileType = sourcecode.swift; path = Album.swift; sourceTree = "<group>"; };
		93D72BBE2BEE515200C40BED /* Song.swift */ = {isa = PBXFileReference; lastKnownFileType = sourcecode.swift; path = Song.swift; sourceTree = "<group>"; };
		93DE65742BEF96C500C3AB59 /* MediaPlayer.swift */ = {isa = PBXFileReference; lastKnownFileType = sourcecode.swift; path = MediaPlayer.swift; sourceTree = "<group>"; };
		93EDCFEC2BEBE06500D25E91 /* YE.app */ = {isa = PBXFileReference; explicitFileType = wrapper.application; includeInIndex = 0; path = YE.app; sourceTree = BUILT_PRODUCTS_DIR; };
		93EDCFEF2BEBE06500D25E91 /* AppDelegate.swift */ = {isa = PBXFileReference; lastKnownFileType = sourcecode.swift; path = AppDelegate.swift; sourceTree = "<group>"; };
		93EDCFF12BEBE06500D25E91 /* SceneDelegate.swift */ = {isa = PBXFileReference; lastKnownFileType = sourcecode.swift; path = SceneDelegate.swift; sourceTree = "<group>"; };
		93EDCFF32BEBE06500D25E91 /* ViewController.swift */ = {isa = PBXFileReference; lastKnownFileType = sourcecode.swift; path = ViewController.swift; sourceTree = "<group>"; };
		93EDCFF82BEBE06600D25E91 /* Assets.xcassets */ = {isa = PBXFileReference; lastKnownFileType = folder.assetcatalog; path = Assets.xcassets; sourceTree = "<group>"; };
		93EDCFFB2BEBE06600D25E91 /* Base */ = {isa = PBXFileReference; lastKnownFileType = file.storyboard; name = Base; path = Base.lproj/LaunchScreen.storyboard; sourceTree = "<group>"; };
		93EDCFFD2BEBE06600D25E91 /* Info.plist */ = {isa = PBXFileReference; lastKnownFileType = text.plist.xml; path = Info.plist; sourceTree = "<group>"; };
		93EF2B392BF11EE200E16A17 /* OFL.txt */ = {isa = PBXFileReference; fileEncoding = 4; lastKnownFileType = text; path = OFL.txt; sourceTree = "<group>"; };
		93EF2B3A2BF11EE200E16A17 /* README.txt */ = {isa = PBXFileReference; fileEncoding = 4; lastKnownFileType = text; path = README.txt; sourceTree = "<group>"; };
		93EF2B3C2BF11EE200E16A17 /* MuseoModerno-Black.ttf */ = {isa = PBXFileReference; lastKnownFileType = file; path = "MuseoModerno-Black.ttf"; sourceTree = "<group>"; };
		93EF2B3D2BF11EE200E16A17 /* MuseoModerno-Bold.ttf */ = {isa = PBXFileReference; lastKnownFileType = file; path = "MuseoModerno-Bold.ttf"; sourceTree = "<group>"; };
		93EF2B3E2BF11EE200E16A17 /* MuseoModerno-ExtraBold.ttf */ = {isa = PBXFileReference; lastKnownFileType = file; path = "MuseoModerno-ExtraBold.ttf"; sourceTree = "<group>"; };
		93EF2B3F2BF11EE200E16A17 /* MuseoModerno-ExtraLight.ttf */ = {isa = PBXFileReference; lastKnownFileType = file; path = "MuseoModerno-ExtraLight.ttf"; sourceTree = "<group>"; };
		93EF2B402BF11EE200E16A17 /* MuseoModerno-Light.ttf */ = {isa = PBXFileReference; lastKnownFileType = file; path = "MuseoModerno-Light.ttf"; sourceTree = "<group>"; };
		93EF2B412BF11EE200E16A17 /* MuseoModerno-Medium.ttf */ = {isa = PBXFileReference; lastKnownFileType = file; path = "MuseoModerno-Medium.ttf"; sourceTree = "<group>"; };
		93EF2B422BF11EE200E16A17 /* MuseoModerno-Regular.ttf */ = {isa = PBXFileReference; lastKnownFileType = file; path = "MuseoModerno-Regular.ttf"; sourceTree = "<group>"; };
		93EF2B432BF11EE200E16A17 /* MuseoModerno-SemiBold.ttf */ = {isa = PBXFileReference; lastKnownFileType = file; path = "MuseoModerno-SemiBold.ttf"; sourceTree = "<group>"; };
		93EF2B442BF11EE200E16A17 /* MuseoModerno-Thin.ttf */ = {isa = PBXFileReference; lastKnownFileType = file; path = "MuseoModerno-Thin.ttf"; sourceTree = "<group>"; };
		93EF2B452BF11EE200E16A17 /* MuseoModerno.ttf */ = {isa = PBXFileReference; lastKnownFileType = file; path = MuseoModerno.ttf; sourceTree = "<group>"; };
		93EF2B532BF11FA100E16A17 /* MusicPlayerViewController.swift */ = {isa = PBXFileReference; lastKnownFileType = sourcecode.swift; path = MusicPlayerViewController.swift; sourceTree = "<group>"; };
/* End PBXFileReference section */

/* Begin PBXFrameworksBuildPhase section */
		93EDCFE92BEBE06500D25E91 /* Frameworks */ = {
			isa = PBXFrameworksBuildPhase;
			buildActionMask = 2147483647;
			files = (
			);
			runOnlyForDeploymentPostprocessing = 0;
		};
/* End PBXFrameworksBuildPhase section */

/* Begin PBXGroup section */
		930502B32BEC4FB500256FEC /* calm */ = {
			isa = PBXGroup;
			children = (
				930502B22BEC4FB500256FEC /* Body And Attitude - DJ Freedem.mp3 */,
			);
			path = calm;
			sourceTree = "<group>";
		};
		930502B72BEC4FB500256FEC /* dark */ = {
			isa = PBXGroup;
			children = (
				930502B42BEC4FB500256FEC /* A Simple Feeling - Alge.mp3 */,
				930502B52BEC4FB500256FEC /* Illusions - Anno Domini Beats.mp3 */,
				930502B62BEC4FB500256FEC /* Shadows - Anno Domini Beats.mp3 */,
			);
			path = dark;
			sourceTree = "<group>";
		};
		930502BA2BEC4FB500256FEC /* dramatic */ = {
			isa = PBXGroup;
			children = (
				930502B82BEC4FB500256FEC /* Feeling's Not Mutual - Single Friend.mp3 */,
				930502B92BEC4FB500256FEC /* Kalimba - Cxdy.mp3 */,
			);
			path = dramatic;
			sourceTree = "<group>";
		};
		930502BB2BEC4FB500256FEC /* Music */ = {
			isa = PBXGroup;
			children = (
				930502B32BEC4FB500256FEC /* calm */,
				930502B72BEC4FB500256FEC /* dark */,
				930502BA2BEC4FB500256FEC /* dramatic */,
			);
			path = Music;
			sourceTree = "<group>";
		};
		93D72BBD2BEE50E300C40BED /* Models */ = {
			isa = PBXGroup;
			children = (
				93D72BBE2BEE515200C40BED /* Song.swift */,
				9390492D2C380D2200A400E7 /* Album.swift */,
			);
			path = Models;
			sourceTree = "<group>";
		};
		93D72BC22BEE5CB800C40BED /* Views */ = {
			isa = PBXGroup;
			children = (
				93DE65742BEF96C500C3AB59 /* MediaPlayer.swift */,
				9390492B2C380CF300A400E7 /* AlbumTableViewCell.swift */,
			);
			path = Views;
			sourceTree = "<group>";
		};
		93EDCFE32BEBE06400D25E91 = {
			isa = PBXGroup;
			children = (
				93EDCFEE2BEBE06500D25E91 /* YE */,
				93EDCFED2BEBE06500D25E91 /* Products */,
			);
			sourceTree = "<group>";
		};
		93EDCFED2BEBE06500D25E91 /* Products */ = {
			isa = PBXGroup;
			children = (
				93EDCFEC2BEBE06500D25E91 /* YE.app */,
			);
			name = Products;
			sourceTree = "<group>";
		};
		93EDCFEE2BEBE06500D25E91 /* YE */ = {
			isa = PBXGroup;
			children = (
				93EDD0032BEBE97E00D25E91 /* Fonts */,
				930502BB2BEC4FB500256FEC /* Music */,
				93D72BC22BEE5CB800C40BED /* Views */,
				93D72BBD2BEE50E300C40BED /* Models */,
				93EDCFEF2BEBE06500D25E91 /* AppDelegate.swift */,
				93EDCFF12BEBE06500D25E91 /* SceneDelegate.swift */,
				93EF2B532BF11FA100E16A17 /* MusicPlayerViewController.swift */,
				93EDCFF32BEBE06500D25E91 /* ViewController.swift */,
				9356AAA22C15D7C3007FF5EE /* Localizable.stringsdict */,
				9356AA9C2C15D549007FF5EE /* Localizable.strings */,
				93EDCFF82BEBE06600D25E91 /* Assets.xcassets */,
				93EDCFFA2BEBE06600D25E91 /* LaunchScreen.storyboard */,
				93EDCFFD2BEBE06600D25E91 /* Info.plist */,
				9356AAA02C15D638007FF5EE /* String+extension.swift */,
			);
			path = YE;
			sourceTree = "<group>";
		};
		93EDD0032BEBE97E00D25E91 /* Fonts */ = {
			isa = PBXGroup;
			children = (
				93EF2B462BF11EE200E16A17 /* MuseoModerno */,
			);
			path = Fonts;
			sourceTree = "<group>";
		};
		93EF2B3B2BF11EE200E16A17 /* license */ = {
			isa = PBXGroup;
			children = (
				93EF2B392BF11EE200E16A17 /* OFL.txt */,
				93EF2B3A2BF11EE200E16A17 /* README.txt */,
			);
			path = license;
			sourceTree = "<group>";
		};
		93EF2B462BF11EE200E16A17 /* MuseoModerno */ = {
			isa = PBXGroup;
			children = (
				93EF2B3B2BF11EE200E16A17 /* license */,
				93EF2B3C2BF11EE200E16A17 /* MuseoModerno-Black.ttf */,
				93EF2B3D2BF11EE200E16A17 /* MuseoModerno-Bold.ttf */,
				93EF2B3E2BF11EE200E16A17 /* MuseoModerno-ExtraBold.ttf */,
				93EF2B3F2BF11EE200E16A17 /* MuseoModerno-ExtraLight.ttf */,
				93EF2B402BF11EE200E16A17 /* MuseoModerno-Light.ttf */,
				93EF2B412BF11EE200E16A17 /* MuseoModerno-Medium.ttf */,
				93EF2B422BF11EE200E16A17 /* MuseoModerno-Regular.ttf */,
				93EF2B432BF11EE200E16A17 /* MuseoModerno-SemiBold.ttf */,
				93EF2B442BF11EE200E16A17 /* MuseoModerno-Thin.ttf */,
				93EF2B452BF11EE200E16A17 /* MuseoModerno.ttf */,
			);
			path = MuseoModerno;
			sourceTree = "<group>";
		};
/* End PBXGroup section */

/* Begin PBXNativeTarget section */
		93EDCFEB2BEBE06500D25E91 /* YE */ = {
			isa = PBXNativeTarget;
			buildConfigurationList = 93EDD0002BEBE06600D25E91 /* Build configuration list for PBXNativeTarget "YE" */;
			buildPhases = (
				93EDCFE82BEBE06500D25E91 /* Sources */,
				93EDCFE92BEBE06500D25E91 /* Frameworks */,
				93EDCFEA2BEBE06500D25E91 /* Resources */,
			);
			buildRules = (
			);
			dependencies = (
			);
			name = YE;
			productName = YE;
			productReference = 93EDCFEC2BEBE06500D25E91 /* YE.app */;
			productType = "com.apple.product-type.application";
		};
/* End PBXNativeTarget section */

/* Begin PBXProject section */
		93EDCFE42BEBE06400D25E91 /* Project object */ = {
			isa = PBXProject;
			attributes = {
				BuildIndependentTargetsInParallel = 1;
				LastSwiftUpdateCheck = 1530;
				LastUpgradeCheck = 1540;
				TargetAttributes = {
					93EDCFEB2BEBE06500D25E91 = {
						CreatedOnToolsVersion = 15.3;
					};
				};
			};
			buildConfigurationList = 93EDCFE72BEBE06400D25E91 /* Build configuration list for PBXProject "YE" */;
			compatibilityVersion = "Xcode 14.0";
			developmentRegion = en;
			hasScannedForEncodings = 0;
			knownRegions = (
				en,
				Base,
				ru,
			);
			mainGroup = 93EDCFE32BEBE06400D25E91;
			productRefGroup = 93EDCFED2BEBE06500D25E91 /* Products */;
			projectDirPath = "";
			projectRoot = "";
			targets = (
				93EDCFEB2BEBE06500D25E91 /* YE */,
			);
		};
/* End PBXProject section */

/* Begin PBXResourcesBuildPhase section */
		93EDCFEA2BEBE06500D25E91 /* Resources */ = {
			isa = PBXResourcesBuildPhase;
			buildActionMask = 2147483647;
			files = (
				93EF2B4A2BF11EE200E16A17 /* MuseoModerno-Bold.ttf in Resources */,
				930502BD2BEC4FB500256FEC /* A Simple Feeling - Alge.mp3 in Resources */,
				930502BE2BEC4FB500256FEC /* Illusions - Anno Domini Beats.mp3 in Resources */,
				9356AAA42C15D7C3007FF5EE /* Localizable.stringsdict in Resources */,
				93EF2B4C2BF11EE200E16A17 /* MuseoModerno-ExtraLight.ttf in Resources */,
				93EF2B512BF11EE200E16A17 /* MuseoModerno-Thin.ttf in Resources */,
				93EF2B4F2BF11EE200E16A17 /* MuseoModerno-Regular.ttf in Resources */,
				930502C12BEC4FB500256FEC /* Kalimba - Cxdy.mp3 in Resources */,
				93EF2B472BF11EE200E16A17 /* OFL.txt in Resources */,
				93EF2B482BF11EE200E16A17 /* README.txt in Resources */,
				93EF2B492BF11EE200E16A17 /* MuseoModerno-Black.ttf in Resources */,
				9356AA9E2C15D549007FF5EE /* Localizable.strings in Resources */,
				93EDCFF92BEBE06600D25E91 /* Assets.xcassets in Resources */,
				93EDCFFC2BEBE06600D25E91 /* Base in Resources */,
				930502BC2BEC4FB500256FEC /* Body And Attitude - DJ Freedem.mp3 in Resources */,
				93EF2B522BF11EE200E16A17 /* MuseoModerno.ttf in Resources */,
				93EF2B4D2BF11EE200E16A17 /* MuseoModerno-Light.ttf in Resources */,
				930502C02BEC4FB500256FEC /* Feeling's Not Mutual - Single Friend.mp3 in Resources */,
				930502BF2BEC4FB500256FEC /* Shadows - Anno Domini Beats.mp3 in Resources */,
				93EF2B4E2BF11EE200E16A17 /* MuseoModerno-Medium.ttf in Resources */,
				93EF2B502BF11EE200E16A17 /* MuseoModerno-SemiBold.ttf in Resources */,
				93EF2B4B2BF11EE200E16A17 /* MuseoModerno-ExtraBold.ttf in Resources */,
			);
			runOnlyForDeploymentPostprocessing = 0;
		};
/* End PBXResourcesBuildPhase section */

/* Begin PBXSourcesBuildPhase section */
		93EDCFE82BEBE06500D25E91 /* Sources */ = {
			isa = PBXSourcesBuildPhase;
			buildActionMask = 2147483647;
			files = (
				93D72BBF2BEE515200C40BED /* Song.swift in Sources */,
				93DE65752BEF96C500C3AB59 /* MediaPlayer.swift in Sources */,
				93EDCFF42BEBE06500D25E91 /* ViewController.swift in Sources */,
				93EDCFF02BEBE06500D25E91 /* AppDelegate.swift in Sources */,
				93EDCFF22BEBE06500D25E91 /* SceneDelegate.swift in Sources */,
				9390492C2C380CF300A400E7 /* AlbumTableViewCell.swift in Sources */,
				93EF2B542BF11FA100E16A17 /* MusicPlayerViewController.swift in Sources */,
				9356AAA12C15D638007FF5EE /* String+extension.swift in Sources */,
				9390492E2C380D2200A400E7 /* Album.swift in Sources */,
			);
			runOnlyForDeploymentPostprocessing = 0;
		};
/* End PBXSourcesBuildPhase section */

/* Begin PBXVariantGroup section */
		9356AA9C2C15D549007FF5EE /* Localizable.strings */ = {
			isa = PBXVariantGroup;
			children = (
				9356AA9D2C15D549007FF5EE /* en */,
				9356AA9F2C15D56F007FF5EE /* ru */,
			);
			name = Localizable.strings;
			sourceTree = "<group>";
		};
		9356AAA22C15D7C3007FF5EE /* Localizable.stringsdict */ = {
			isa = PBXVariantGroup;
			children = (
				9356AAA32C15D7C3007FF5EE /* en */,
				9356AAA52C15D7FC007FF5EE /* ru */,
			);
			name = Localizable.stringsdict;
			sourceTree = "<group>";
		};
		93EDCFFA2BEBE06600D25E91 /* LaunchScreen.storyboard */ = {
			isa = PBXVariantGroup;
			children = (
				93EDCFFB2BEBE06600D25E91 /* Base */,
			);
			name = LaunchScreen.storyboard;
			sourceTree = "<group>";
		};
/* End PBXVariantGroup section */

/* Begin XCBuildConfiguration section */
		93EDCFFE2BEBE06600D25E91 /* Debug */ = {
			isa = XCBuildConfiguration;
			buildSettings = {
				ALWAYS_SEARCH_USER_PATHS = NO;
				ASSETCATALOG_COMPILER_GENERATE_SWIFT_ASSET_SYMBOL_EXTENSIONS = YES;
				CLANG_ANALYZER_LOCALIZABILITY_NONLOCALIZED = YES;
				CLANG_ANALYZER_NONNULL = YES;
				CLANG_ANALYZER_NUMBER_OBJECT_CONVERSION = YES_AGGRESSIVE;
				CLANG_CXX_LANGUAGE_STANDARD = "gnu++20";
				CLANG_ENABLE_MODULES = YES;
				CLANG_ENABLE_OBJC_ARC = YES;
				CLANG_ENABLE_OBJC_WEAK = YES;
				CLANG_WARN_BLOCK_CAPTURE_AUTORELEASING = YES;
				CLANG_WARN_BOOL_CONVERSION = YES;
				CLANG_WARN_COMMA = YES;
				CLANG_WARN_CONSTANT_CONVERSION = YES;
				CLANG_WARN_DEPRECATED_OBJC_IMPLEMENTATIONS = YES;
				CLANG_WARN_DIRECT_OBJC_ISA_USAGE = YES_ERROR;
				CLANG_WARN_DOCUMENTATION_COMMENTS = YES;
				CLANG_WARN_EMPTY_BODY = YES;
				CLANG_WARN_ENUM_CONVERSION = YES;
				CLANG_WARN_INFINITE_RECURSION = YES;
				CLANG_WARN_INT_CONVERSION = YES;
				CLANG_WARN_NON_LITERAL_NULL_CONVERSION = YES;
				CLANG_WARN_OBJC_IMPLICIT_RETAIN_SELF = YES;
				CLANG_WARN_OBJC_LITERAL_CONVERSION = YES;
				CLANG_WARN_OBJC_ROOT_CLASS = YES_ERROR;
				CLANG_WARN_QUOTED_INCLUDE_IN_FRAMEWORK_HEADER = YES;
				CLANG_WARN_RANGE_LOOP_ANALYSIS = YES;
				CLANG_WARN_STRICT_PROTOTYPES = YES;
				CLANG_WARN_SUSPICIOUS_MOVE = YES;
				CLANG_WARN_UNGUARDED_AVAILABILITY = YES_AGGRESSIVE;
				CLANG_WARN_UNREACHABLE_CODE = YES;
				CLANG_WARN__DUPLICATE_METHOD_MATCH = YES;
				COPY_PHASE_STRIP = NO;
				DEBUG_INFORMATION_FORMAT = dwarf;
				ENABLE_STRICT_OBJC_MSGSEND = YES;
				ENABLE_TESTABILITY = YES;
				ENABLE_USER_SCRIPT_SANDBOXING = YES;
				GCC_C_LANGUAGE_STANDARD = gnu17;
				GCC_DYNAMIC_NO_PIC = NO;
				GCC_NO_COMMON_BLOCKS = YES;
				GCC_OPTIMIZATION_LEVEL = 0;
				GCC_PREPROCESSOR_DEFINITIONS = (
					"DEBUG=1",
					"$(inherited)",
				);
				GCC_WARN_64_TO_32_BIT_CONVERSION = YES;
				GCC_WARN_ABOUT_RETURN_TYPE = YES_ERROR;
				GCC_WARN_UNDECLARED_SELECTOR = YES;
				GCC_WARN_UNINITIALIZED_AUTOS = YES_AGGRESSIVE;
				GCC_WARN_UNUSED_FUNCTION = YES;
				GCC_WARN_UNUSED_VARIABLE = YES;
				IPHONEOS_DEPLOYMENT_TARGET = 17.4;
				LOCALIZATION_PREFERS_STRING_CATALOGS = YES;
				MTL_ENABLE_DEBUG_INFO = INCLUDE_SOURCE;
				MTL_FAST_MATH = YES;
				ONLY_ACTIVE_ARCH = YES;
				SDKROOT = iphoneos;
				SWIFT_ACTIVE_COMPILATION_CONDITIONS = "DEBUG $(inherited)";
				SWIFT_OPTIMIZATION_LEVEL = "-Onone";
			};
			name = Debug;
		};
		93EDCFFF2BEBE06600D25E91 /* Release */ = {
			isa = XCBuildConfiguration;
			buildSettings = {
				ALWAYS_SEARCH_USER_PATHS = NO;
				ASSETCATALOG_COMPILER_GENERATE_SWIFT_ASSET_SYMBOL_EXTENSIONS = YES;
				CLANG_ANALYZER_LOCALIZABILITY_NONLOCALIZED = YES;
				CLANG_ANALYZER_NONNULL = YES;
				CLANG_ANALYZER_NUMBER_OBJECT_CONVERSION = YES_AGGRESSIVE;
				CLANG_CXX_LANGUAGE_STANDARD = "gnu++20";
				CLANG_ENABLE_MODULES = YES;
				CLANG_ENABLE_OBJC_ARC = YES;
				CLANG_ENABLE_OBJC_WEAK = YES;
				CLANG_WARN_BLOCK_CAPTURE_AUTORELEASING = YES;
				CLANG_WARN_BOOL_CONVERSION = YES;
				CLANG_WARN_COMMA = YES;
				CLANG_WARN_CONSTANT_CONVERSION = YES;
				CLANG_WARN_DEPRECATED_OBJC_IMPLEMENTATIONS = YES;
				CLANG_WARN_DIRECT_OBJC_ISA_USAGE = YES_ERROR;
				CLANG_WARN_DOCUMENTATION_COMMENTS = YES;
				CLANG_WARN_EMPTY_BODY = YES;
				CLANG_WARN_ENUM_CONVERSION = YES;
				CLANG_WARN_INFINITE_RECURSION = YES;
				CLANG_WARN_INT_CONVERSION = YES;
				CLANG_WARN_NON_LITERAL_NULL_CONVERSION = YES;
				CLANG_WARN_OBJC_IMPLICIT_RETAIN_SELF = YES;
				CLANG_WARN_OBJC_LITERAL_CONVERSION = YES;
				CLANG_WARN_OBJC_ROOT_CLASS = YES_ERROR;
				CLANG_WARN_QUOTED_INCLUDE_IN_FRAMEWORK_HEADER = YES;
				CLANG_WARN_RANGE_LOOP_ANALYSIS = YES;
				CLANG_WARN_STRICT_PROTOTYPES = YES;
				CLANG_WARN_SUSPICIOUS_MOVE = YES;
				CLANG_WARN_UNGUARDED_AVAILABILITY = YES_AGGRESSIVE;
				CLANG_WARN_UNREACHABLE_CODE = YES;
				CLANG_WARN__DUPLICATE_METHOD_MATCH = YES;
				COPY_PHASE_STRIP = NO;
				DEBUG_INFORMATION_FORMAT = "dwarf-with-dsym";
				ENABLE_NS_ASSERTIONS = NO;
				ENABLE_STRICT_OBJC_MSGSEND = YES;
				ENABLE_USER_SCRIPT_SANDBOXING = YES;
				GCC_C_LANGUAGE_STANDARD = gnu17;
				GCC_NO_COMMON_BLOCKS = YES;
				GCC_WARN_64_TO_32_BIT_CONVERSION = YES;
				GCC_WARN_ABOUT_RETURN_TYPE = YES_ERROR;
				GCC_WARN_UNDECLARED_SELECTOR = YES;
				GCC_WARN_UNINITIALIZED_AUTOS = YES_AGGRESSIVE;
				GCC_WARN_UNUSED_FUNCTION = YES;
				GCC_WARN_UNUSED_VARIABLE = YES;
				IPHONEOS_DEPLOYMENT_TARGET = 17.4;
				LOCALIZATION_PREFERS_STRING_CATALOGS = YES;
				MTL_ENABLE_DEBUG_INFO = NO;
				MTL_FAST_MATH = YES;
				SDKROOT = iphoneos;
				SWIFT_COMPILATION_MODE = wholemodule;
				VALIDATE_PRODUCT = YES;
			};
			name = Release;
		};
		93EDD0012BEBE06600D25E91 /* Debug */ = {
			isa = XCBuildConfiguration;
			buildSettings = {
				ASSETCATALOG_COMPILER_APPICON_NAME = AppIcon;
				ASSETCATALOG_COMPILER_GLOBAL_ACCENT_COLOR_NAME = AccentColor;
				CODE_SIGN_STYLE = Automatic;
				CURRENT_PROJECT_VERSION = 1;
				GENERATE_INFOPLIST_FILE = YES;
				INFOPLIST_FILE = YE/Info.plist;
				INFOPLIST_KEY_UIApplicationSupportsIndirectInputEvents = YES;
				INFOPLIST_KEY_UILaunchStoryboardName = LaunchScreen;
				INFOPLIST_KEY_UISupportedInterfaceOrientations = UIInterfaceOrientationPortrait;
				LD_RUNPATH_SEARCH_PATHS = (
					"$(inherited)",
					"@executable_path/Frameworks",
				);
				MARKETING_VERSION = 1.0;
				PRODUCT_BUNDLE_IDENTIFIER = io.github.burningmannn.YE;
				PRODUCT_NAME = "$(TARGET_NAME)";
				SWIFT_EMIT_LOC_STRINGS = YES;
				SWIFT_VERSION = 5.0;
				TARGETED_DEVICE_FAMILY = "1,2";
			};
			name = Debug;
		};
		93EDD0022BEBE06600D25E91 /* Release */ = {
			isa = XCBuildConfiguration;
			buildSettings = {
				ASSETCATALOG_COMPILER_APPICON_NAME = AppIcon;
				ASSETCATALOG_COMPILER_GLOBAL_ACCENT_COLOR_NAME = AccentColor;
				CODE_SIGN_STYLE = Automatic;
				CURRENT_PROJECT_VERSION = 1;
				GENERATE_INFOPLIST_FILE = YES;
				INFOPLIST_FILE = YE/Info.plist;
				INFOPLIST_KEY_UIApplicationSupportsIndirectInputEvents = YES;
				INFOPLIST_KEY_UILaunchStoryboardName = LaunchScreen;
				INFOPLIST_KEY_UISupportedInterfaceOrientations = UIInterfaceOrientationPortrait;
				LD_RUNPATH_SEARCH_PATHS = (
					"$(inherited)",
					"@executable_path/Frameworks",
				);
				MARKETING_VERSION = 1.0;
				PRODUCT_BUNDLE_IDENTIFIER = io.github.burningmannn.YE;
				PRODUCT_NAME = "$(TARGET_NAME)";
				SWIFT_EMIT_LOC_STRINGS = YES;
				SWIFT_VERSION = 5.0;
				TARGETED_DEVICE_FAMILY = "1,2";
			};
			name = Release;
		};
/* End XCBuildConfiguration section */

/* Begin XCConfigurationList section */
		93EDCFE72BEBE06400D25E91 /* Build configuration list for PBXProject "YE" */ = {
			isa = XCConfigurationList;
			buildConfigurations = (
				93EDCFFE2BEBE06600D25E91 /* Debug */,
				93EDCFFF2BEBE06600D25E91 /* Release */,
			);
			defaultConfigurationIsVisible = 0;
			defaultConfigurationName = Release;
		};
		93EDD0002BEBE06600D25E91 /* Build configuration list for PBXNativeTarget "YE" */ = {
			isa = XCConfigurationList;
			buildConfigurations = (
				93EDD0012BEBE06600D25E91 /* Debug */,
				93EDD0022BEBE06600D25E91 /* Release */,
			);
			defaultConfigurationIsVisible = 0;
			defaultConfigurationName = Release;
		};
/* End XCConfigurationList section */
	};
	rootObject = 93EDCFE42BEBE06400D25E91 /* Project object */;
}
